// !$*UTF8*$!
{
	archiveVersion = 1;
	classes = {
	};
	objectVersion = 56;
	objects = {

/* Begin PBXBuildFile section */
		E85D2BFA2B0F40D700C7EF3A /* LoginView.swift in Sources */ = {isa = PBXBuildFile; fileRef = E85D2BF92B0F40D700C7EF3A /* LoginView.swift */; };
		E85D2BFC2B0F41FF00C7EF3A /* StartView.swift in Sources */ = {isa = PBXBuildFile; fileRef = E85D2BFB2B0F41FF00C7EF3A /* StartView.swift */; };
		E85D2BFE2B0F583B00C7EF3A /* TodoAPI.swift in Sources */ = {isa = PBXBuildFile; fileRef = E85D2BFD2B0F583B00C7EF3A /* TodoAPI.swift */; };
		E8F259DC2B0B4E0C00485FEA /* pia12firebaseApp.swift in Sources */ = {isa = PBXBuildFile; fileRef = E8F259DB2B0B4E0C00485FEA /* pia12firebaseApp.swift */; };
		E8F259DE2B0B4E0C00485FEA /* ContentView.swift in Sources */ = {isa = PBXBuildFile; fileRef = E8F259DD2B0B4E0C00485FEA /* ContentView.swift */; };
		E8F259E02B0B4E0F00485FEA /* Assets.xcassets in Resources */ = {isa = PBXBuildFile; fileRef = E8F259DF2B0B4E0F00485FEA /* Assets.xcassets */; };
		E8F259E32B0B4E0F00485FEA /* Preview Assets.xcassets in Resources */ = {isa = PBXBuildFile; fileRef = E8F259E22B0B4E0F00485FEA /* Preview Assets.xcassets */; };
		E8F259EA2B0B50D400485FEA /* GoogleService-Info.plist in Resources */ = {isa = PBXBuildFile; fileRef = E8F259E92B0B50D400485FEA /* GoogleService-Info.plist */; };
		E8F259ED2B0B531000485FEA /* FirebaseAnalytics in Frameworks */ = {isa = PBXBuildFile; productRef = E8F259EC2B0B531000485FEA /* FirebaseAnalytics */; };
		E8F259EF2B0B531000485FEA /* FirebaseAnalyticsOnDeviceConversion in Frameworks */ = {isa = PBXBuildFile; productRef = E8F259EE2B0B531000485FEA /* FirebaseAnalyticsOnDeviceConversion */; };
		E8F259F12B0B531000485FEA /* FirebaseAnalyticsSwift in Frameworks */ = {isa = PBXBuildFile; productRef = E8F259F02B0B531000485FEA /* FirebaseAnalyticsSwift */; };
		E8F259F32B0B531000485FEA /* FirebaseAnalyticsWithoutAdIdSupport in Frameworks */ = {isa = PBXBuildFile; productRef = E8F259F22B0B531000485FEA /* FirebaseAnalyticsWithoutAdIdSupport */; };
		E8F259F52B0B531000485FEA /* FirebaseAppCheck in Frameworks */ = {isa = PBXBuildFile; productRef = E8F259F42B0B531000485FEA /* FirebaseAppCheck */; };
		E8F259F72B0B531000485FEA /* FirebaseAppDistribution-Beta in Frameworks */ = {isa = PBXBuildFile; productRef = E8F259F62B0B531000485FEA /* FirebaseAppDistribution-Beta */; };
		E8F259F92B0B531000485FEA /* FirebaseAuth in Frameworks */ = {isa = PBXBuildFile; productRef = E8F259F82B0B531000485FEA /* FirebaseAuth */; };
		E8F259FB2B0B531000485FEA /* FirebaseAuthCombine-Community in Frameworks */ = {isa = PBXBuildFile; productRef = E8F259FA2B0B531000485FEA /* FirebaseAuthCombine-Community */; };
		E8F259FD2B0B531000485FEA /* FirebaseCrashlytics in Frameworks */ = {isa = PBXBuildFile; productRef = E8F259FC2B0B531000485FEA /* FirebaseCrashlytics */; };
		E8F259FF2B0B531000485FEA /* FirebaseDatabase in Frameworks */ = {isa = PBXBuildFile; productRef = E8F259FE2B0B531000485FEA /* FirebaseDatabase */; };
		E8F25A012B0B531000485FEA /* FirebaseDatabaseSwift in Frameworks */ = {isa = PBXBuildFile; productRef = E8F25A002B0B531000485FEA /* FirebaseDatabaseSwift */; };
		E8F25A032B0B531000485FEA /* FirebaseDynamicLinks in Frameworks */ = {isa = PBXBuildFile; productRef = E8F25A022B0B531000485FEA /* FirebaseDynamicLinks */; };
		E8F25A052B0B531000485FEA /* FirebaseFirestore in Frameworks */ = {isa = PBXBuildFile; productRef = E8F25A042B0B531000485FEA /* FirebaseFirestore */; };
		E8F25A072B0B531000485FEA /* FirebaseFirestoreCombine-Community in Frameworks */ = {isa = PBXBuildFile; productRef = E8F25A062B0B531000485FEA /* FirebaseFirestoreCombine-Community */; };
		E8F25A092B0B531000485FEA /* FirebaseFirestoreSwift in Frameworks */ = {isa = PBXBuildFile; productRef = E8F25A082B0B531000485FEA /* FirebaseFirestoreSwift */; };
		E8F25A0B2B0B531000485FEA /* FirebaseFunctions in Frameworks */ = {isa = PBXBuildFile; productRef = E8F25A0A2B0B531000485FEA /* FirebaseFunctions */; };
		E8F25A0D2B0B531000485FEA /* FirebaseFunctionsCombine-Community in Frameworks */ = {isa = PBXBuildFile; productRef = E8F25A0C2B0B531000485FEA /* FirebaseFunctionsCombine-Community */; };
		E8F25A0F2B0B531000485FEA /* FirebaseInAppMessaging-Beta in Frameworks */ = {isa = PBXBuildFile; productRef = E8F25A0E2B0B531000485FEA /* FirebaseInAppMessaging-Beta */; };
		E8F25A112B0B531000485FEA /* FirebaseInAppMessagingSwift-Beta in Frameworks */ = {isa = PBXBuildFile; productRef = E8F25A102B0B531000485FEA /* FirebaseInAppMessagingSwift-Beta */; };
		E8F25A132B0B531000485FEA /* FirebaseInstallations in Frameworks */ = {isa = PBXBuildFile; productRef = E8F25A122B0B531000485FEA /* FirebaseInstallations */; };
		E8F25A152B0B531000485FEA /* FirebaseMLModelDownloader in Frameworks */ = {isa = PBXBuildFile; productRef = E8F25A142B0B531000485FEA /* FirebaseMLModelDownloader */; };
		E8F25A172B0B531000485FEA /* FirebaseMessaging in Frameworks */ = {isa = PBXBuildFile; productRef = E8F25A162B0B531000485FEA /* FirebaseMessaging */; };
		E8F25A192B0B531000485FEA /* FirebasePerformance in Frameworks */ = {isa = PBXBuildFile; productRef = E8F25A182B0B531000485FEA /* FirebasePerformance */; };
		E8F25A1B2B0B531000485FEA /* FirebaseRemoteConfig in Frameworks */ = {isa = PBXBuildFile; productRef = E8F25A1A2B0B531000485FEA /* FirebaseRemoteConfig */; };
		E8F25A1D2B0B531000485FEA /* FirebaseRemoteConfigSwift in Frameworks */ = {isa = PBXBuildFile; productRef = E8F25A1C2B0B531000485FEA /* FirebaseRemoteConfigSwift */; };
		E8F25A1F2B0B531000485FEA /* FirebaseStorage in Frameworks */ = {isa = PBXBuildFile; productRef = E8F25A1E2B0B531000485FEA /* FirebaseStorage */; };
		E8F25A212B0B531000485FEA /* FirebaseStorageCombine-Community in Frameworks */ = {isa = PBXBuildFile; productRef = E8F25A202B0B531000485FEA /* FirebaseStorageCombine-Community */; };
		E8F8637F2B0F5A0400C6F5EF /* Todoitem.swift in Sources */ = {isa = PBXBuildFile; fileRef = E8F8637E2B0F5A0400C6F5EF /* Todoitem.swift */; };
/* End PBXBuildFile section */

/* Begin PBXFileReference section */
		E85D2BF92B0F40D700C7EF3A /* LoginView.swift */ = {isa = PBXFileReference; lastKnownFileType = sourcecode.swift; path = LoginView.swift; sourceTree = "<group>"; };
		E85D2BFB2B0F41FF00C7EF3A /* StartView.swift */ = {isa = PBXFileReference; lastKnownFileType = sourcecode.swift; path = StartView.swift; sourceTree = "<group>"; };
		E85D2BFD2B0F583B00C7EF3A /* TodoAPI.swift */ = {isa = PBXFileReference; lastKnownFileType = sourcecode.swift; path = TodoAPI.swift; sourceTree = "<group>"; };
		E8F259D82B0B4E0C00485FEA /* pia12firebase.app */ = {isa = PBXFileReference; explicitFileType = wrapper.application; includeInIndex = 0; path = pia12firebase.app; sourceTree = BUILT_PRODUCTS_DIR; };
		E8F259DB2B0B4E0C00485FEA /* pia12firebaseApp.swift */ = {isa = PBXFileReference; lastKnownFileType = sourcecode.swift; path = pia12firebaseApp.swift; sourceTree = "<group>"; };
		E8F259DD2B0B4E0C00485FEA /* ContentView.swift */ = {isa = PBXFileReference; lastKnownFileType = sourcecode.swift; path = ContentView.swift; sourceTree = "<group>"; };
		E8F259DF2B0B4E0F00485FEA /* Assets.xcassets */ = {isa = PBXFileReference; lastKnownFileType = folder.assetcatalog; path = Assets.xcassets; sourceTree = "<group>"; };
		E8F259E22B0B4E0F00485FEA /* Preview Assets.xcassets */ = {isa = PBXFileReference; lastKnownFileType = folder.assetcatalog; path = "Preview Assets.xcassets"; sourceTree = "<group>"; };
		E8F259E92B0B50D400485FEA /* GoogleService-Info.plist */ = {isa = PBXFileReference; fileEncoding = 4; lastKnownFileType = text.plist.xml; path = "GoogleService-Info.plist"; sourceTree = "<group>"; };
		E8F8637E2B0F5A0400C6F5EF /* Todoitem.swift */ = {isa = PBXFileReference; lastKnownFileType = sourcecode.swift; path = Todoitem.swift; sourceTree = "<group>"; };
/* End PBXFileReference section */

/* Begin PBXFrameworksBuildPhase section */
		E8F259D52B0B4E0C00485FEA /* Frameworks */ = {
			isa = PBXFrameworksBuildPhase;
			buildActionMask = 2147483647;
			files = (
				E8F259FF2B0B531000485FEA /* FirebaseDatabase in Frameworks */,
				E8F25A0D2B0B531000485FEA /* FirebaseFunctionsCombine-Community in Frameworks */,
				E8F25A052B0B531000485FEA /* FirebaseFirestore in Frameworks */,
				E8F259F12B0B531000485FEA /* FirebaseAnalyticsSwift in Frameworks */,
				E8F259ED2B0B531000485FEA /* FirebaseAnalytics in Frameworks */,
				E8F259EF2B0B531000485FEA /* FirebaseAnalyticsOnDeviceConversion in Frameworks */,
				E8F25A152B0B531000485FEA /* FirebaseMLModelDownloader in Frameworks */,
				E8F25A092B0B531000485FEA /* FirebaseFirestoreSwift in Frameworks */,
				E8F259F52B0B531000485FEA /* FirebaseAppCheck in Frameworks */,
				E8F259F32B0B531000485FEA /* FirebaseAnalyticsWithoutAdIdSupport in Frameworks */,
				E8F259F92B0B531000485FEA /* FirebaseAuth in Frameworks */,
				E8F259FD2B0B531000485FEA /* FirebaseCrashlytics in Frameworks */,
				E8F25A1D2B0B531000485FEA /* FirebaseRemoteConfigSwift in Frameworks */,
				E8F25A0F2B0B531000485FEA /* FirebaseInAppMessaging-Beta in Frameworks */,
				E8F25A012B0B531000485FEA /* FirebaseDatabaseSwift in Frameworks */,
				E8F25A0B2B0B531000485FEA /* FirebaseFunctions in Frameworks */,
				E8F25A212B0B531000485FEA /* FirebaseStorageCombine-Community in Frameworks */,
				E8F25A1B2B0B531000485FEA /* FirebaseRemoteConfig in Frameworks */,
				E8F259F72B0B531000485FEA /* FirebaseAppDistribution-Beta in Frameworks */,
				E8F259FB2B0B531000485FEA /* FirebaseAuthCombine-Community in Frameworks */,
				E8F25A192B0B531000485FEA /* FirebasePerformance in Frameworks */,
				E8F25A112B0B531000485FEA /* FirebaseInAppMessagingSwift-Beta in Frameworks */,
				E8F25A1F2B0B531000485FEA /* FirebaseStorage in Frameworks */,
				E8F25A032B0B531000485FEA /* FirebaseDynamicLinks in Frameworks */,
				E8F25A072B0B531000485FEA /* FirebaseFirestoreCombine-Community in Frameworks */,
				E8F25A172B0B531000485FEA /* FirebaseMessaging in Frameworks */,
				E8F25A132B0B531000485FEA /* FirebaseInstallations in Frameworks */,
			);
			runOnlyForDeploymentPostprocessing = 0;
		};
/* End PBXFrameworksBuildPhase section */

/* Begin PBXGroup section */
		E8F259CF2B0B4E0C00485FEA = {
			isa = PBXGroup;
			children = (
				E8F259DA2B0B4E0C00485FEA /* pia12firebase */,
				E8F259D92B0B4E0C00485FEA /* Products */,
			);
			sourceTree = "<group>";
		};
		E8F259D92B0B4E0C00485FEA /* Products */ = {
			isa = PBXGroup;
			children = (
				E8F259D82B0B4E0C00485FEA /* pia12firebase.app */,
			);
			name = Products;
			sourceTree = "<group>";
		};
		E8F259DA2B0B4E0C00485FEA /* pia12firebase */ = {
			isa = PBXGroup;
			children = (
				E8F259E92B0B50D400485FEA /* GoogleService-Info.plist */,
				E8F259DB2B0B4E0C00485FEA /* pia12firebaseApp.swift */,
				E8F259DD2B0B4E0C00485FEA /* ContentView.swift */,
				E8F8637E2B0F5A0400C6F5EF /* Todoitem.swift */,
				E85D2BFD2B0F583B00C7EF3A /* TodoAPI.swift */,
				E85D2BF92B0F40D700C7EF3A /* LoginView.swift */,
				E85D2BFB2B0F41FF00C7EF3A /* StartView.swift */,
				E8F259DF2B0B4E0F00485FEA /* Assets.xcassets */,
				E8F259E12B0B4E0F00485FEA /* Preview Content */,
			);
			path = pia12firebase;
			sourceTree = "<group>";
		};
		E8F259E12B0B4E0F00485FEA /* Preview Content */ = {
			isa = PBXGroup;
			children = (
				E8F259E22B0B4E0F00485FEA /* Preview Assets.xcassets */,
			);
			path = "Preview Content";
			sourceTree = "<group>";
		};
/* End PBXGroup section */

/* Begin PBXNativeTarget section */
		E8F259D72B0B4E0C00485FEA /* pia12firebase */ = {
			isa = PBXNativeTarget;
			buildConfigurationList = E8F259E62B0B4E0F00485FEA /* Build configuration list for PBXNativeTarget "pia12firebase" */;
			buildPhases = (
				E8F259D42B0B4E0C00485FEA /* Sources */,
				E8F259D52B0B4E0C00485FEA /* Frameworks */,
				E8F259D62B0B4E0C00485FEA /* Resources */,
			);
			buildRules = (
			);
			dependencies = (
			);
			name = pia12firebase;
			packageProductDependencies = (
				E8F259EC2B0B531000485FEA /* FirebaseAnalytics */,
				E8F259EE2B0B531000485FEA /* FirebaseAnalyticsOnDeviceConversion */,
				E8F259F02B0B531000485FEA /* FirebaseAnalyticsSwift */,
				E8F259F22B0B531000485FEA /* FirebaseAnalyticsWithoutAdIdSupport */,
				E8F259F42B0B531000485FEA /* FirebaseAppCheck */,
				E8F259F62B0B531000485FEA /* FirebaseAppDistribution-Beta */,
				E8F259F82B0B531000485FEA /* FirebaseAuth */,
				E8F259FA2B0B531000485FEA /* FirebaseAuthCombine-Community */,
				E8F259FC2B0B531000485FEA /* FirebaseCrashlytics */,
				E8F259FE2B0B531000485FEA /* FirebaseDatabase */,
				E8F25A002B0B531000485FEA /* FirebaseDatabaseSwift */,
				E8F25A022B0B531000485FEA /* FirebaseDynamicLinks */,
				E8F25A042B0B531000485FEA /* FirebaseFirestore */,
				E8F25A062B0B531000485FEA /* FirebaseFirestoreCombine-Community */,
				E8F25A082B0B531000485FEA /* FirebaseFirestoreSwift */,
				E8F25A0A2B0B531000485FEA /* FirebaseFunctions */,
				E8F25A0C2B0B531000485FEA /* FirebaseFunctionsCombine-Community */,
				E8F25A0E2B0B531000485FEA /* FirebaseInAppMessaging-Beta */,
				E8F25A102B0B531000485FEA /* FirebaseInAppMessagingSwift-Beta */,
				E8F25A122B0B531000485FEA /* FirebaseInstallations */,
				E8F25A142B0B531000485FEA /* FirebaseMLModelDownloader */,
				E8F25A162B0B531000485FEA /* FirebaseMessaging */,
				E8F25A182B0B531000485FEA /* FirebasePerformance */,
				E8F25A1A2B0B531000485FEA /* FirebaseRemoteConfig */,
				E8F25A1C2B0B531000485FEA /* FirebaseRemoteConfigSwift */,
				E8F25A1E2B0B531000485FEA /* FirebaseStorage */,
				E8F25A202B0B531000485FEA /* FirebaseStorageCombine-Community */,
			);
			productName = pia12firebase;
			productReference = E8F259D82B0B4E0C00485FEA /* pia12firebase.app */;
			productType = "com.apple.product-type.application";
		};
/* End PBXNativeTarget section */

/* Begin PBXProject section */
		E8F259D02B0B4E0C00485FEA /* Project object */ = {
			isa = PBXProject;
			attributes = {
				BuildIndependentTargetsInParallel = 1;
				LastSwiftUpdateCheck = 1500;
				LastUpgradeCheck = 1500;
				TargetAttributes = {
					E8F259D72B0B4E0C00485FEA = {
						CreatedOnToolsVersion = 15.0;
					};
				};
			};
			buildConfigurationList = E8F259D32B0B4E0C00485FEA /* Build configuration list for PBXProject "pia12firebase" */;
			compatibilityVersion = "Xcode 14.0";
			developmentRegion = en;
			hasScannedForEncodings = 0;
			knownRegions = (
				en,
				Base,
			);
			mainGroup = E8F259CF2B0B4E0C00485FEA;
			packageReferences = (
				E8F259EB2B0B531000485FEA /* XCRemoteSwiftPackageReference "firebase-ios-sdk" */,
			);
			productRefGroup = E8F259D92B0B4E0C00485FEA /* Products */;
			projectDirPath = "";
			projectRoot = "";
			targets = (
				E8F259D72B0B4E0C00485FEA /* pia12firebase */,
			);
		};
/* End PBXProject section */

/* Begin PBXResourcesBuildPhase section */
		E8F259D62B0B4E0C00485FEA /* Resources */ = {
			isa = PBXResourcesBuildPhase;
			buildActionMask = 2147483647;
			files = (
				E8F259E32B0B4E0F00485FEA /* Preview Assets.xcassets in Resources */,
				E8F259E02B0B4E0F00485FEA /* Assets.xcassets in Resources */,
				E8F259EA2B0B50D400485FEA /* GoogleService-Info.plist in Resources */,
			);
			runOnlyForDeploymentPostprocessing = 0;
		};
/* End PBXResourcesBuildPhase section */

/* Begin PBXSourcesBuildPhase section */
		E8F259D42B0B4E0C00485FEA /* Sources */ = {
			isa = PBXSourcesBuildPhase;
			buildActionMask = 2147483647;
			files = (
				E85D2BFA2B0F40D700C7EF3A /* LoginView.swift in Sources */,
				E85D2BFE2B0F583B00C7EF3A /* TodoAPI.swift in Sources */,
				E8F259DE2B0B4E0C00485FEA /* ContentView.swift in Sources */,
				E8F259DC2B0B4E0C00485FEA /* pia12firebaseApp.swift in Sources */,
				E8F8637F2B0F5A0400C6F5EF /* Todoitem.swift in Sources */,
				E85D2BFC2B0F41FF00C7EF3A /* StartView.swift in Sources */,
			);
			runOnlyForDeploymentPostprocessing = 0;
		};
/* End PBXSourcesBuildPhase section */

/* Begin XCBuildConfiguration section */
		E8F259E42B0B4E0F00485FEA /* Debug */ = {
			isa = XCBuildConfiguration;
			buildSettings = {
				ALWAYS_SEARCH_USER_PATHS = NO;
				ASSETCATALOG_COMPILER_GENERATE_SWIFT_ASSET_SYMBOL_EXTENSIONS = YES;
				CLANG_ANALYZER_NONNULL = YES;
				CLANG_ANALYZER_NUMBER_OBJECT_CONVERSION = YES_AGGRESSIVE;
				CLANG_CXX_LANGUAGE_STANDARD = "gnu++20";
				CLANG_ENABLE_MODULES = YES;
				CLANG_ENABLE_OBJC_ARC = YES;
				CLANG_ENABLE_OBJC_WEAK = YES;
				CLANG_WARN_BLOCK_CAPTURE_AUTORELEASING = YES;
				CLANG_WARN_BOOL_CONVERSION = YES;
				CLANG_WARN_COMMA = YES;
				CLANG_WARN_CONSTANT_CONVERSION = YES;
				CLANG_WARN_DEPRECATED_OBJC_IMPLEMENTATIONS = YES;
				CLANG_WARN_DIRECT_OBJC_ISA_USAGE = YES_ERROR;
				CLANG_WARN_DOCUMENTATION_COMMENTS = YES;
				CLANG_WARN_EMPTY_BODY = YES;
				CLANG_WARN_ENUM_CONVERSION = YES;
				CLANG_WARN_INFINITE_RECURSION = YES;
				CLANG_WARN_INT_CONVERSION = YES;
				CLANG_WARN_NON_LITERAL_NULL_CONVERSION = YES;
				CLANG_WARN_OBJC_IMPLICIT_RETAIN_SELF = YES;
				CLANG_WARN_OBJC_LITERAL_CONVERSION = YES;
				CLANG_WARN_OBJC_ROOT_CLASS = YES_ERROR;
				CLANG_WARN_QUOTED_INCLUDE_IN_FRAMEWORK_HEADER = YES;
				CLANG_WARN_RANGE_LOOP_ANALYSIS = YES;
				CLANG_WARN_STRICT_PROTOTYPES = YES;
				CLANG_WARN_SUSPICIOUS_MOVE = YES;
				CLANG_WARN_UNGUARDED_AVAILABILITY = YES_AGGRESSIVE;
				CLANG_WARN_UNREACHABLE_CODE = YES;
				CLANG_WARN__DUPLICATE_METHOD_MATCH = YES;
				COPY_PHASE_STRIP = NO;
				DEBUG_INFORMATION_FORMAT = dwarf;
				ENABLE_STRICT_OBJC_MSGSEND = YES;
				ENABLE_TESTABILITY = YES;
				ENABLE_USER_SCRIPT_SANDBOXING = YES;
				GCC_C_LANGUAGE_STANDARD = gnu17;
				GCC_DYNAMIC_NO_PIC = NO;
				GCC_NO_COMMON_BLOCKS = YES;
				GCC_OPTIMIZATION_LEVEL = 0;
				GCC_PREPROCESSOR_DEFINITIONS = (
					"DEBUG=1",
					"$(inherited)",
				);
				GCC_WARN_64_TO_32_BIT_CONVERSION = YES;
				GCC_WARN_ABOUT_RETURN_TYPE = YES_ERROR;
				GCC_WARN_UNDECLARED_SELECTOR = YES;
				GCC_WARN_UNINITIALIZED_AUTOS = YES_AGGRESSIVE;
				GCC_WARN_UNUSED_FUNCTION = YES;
				GCC_WARN_UNUSED_VARIABLE = YES;
				IPHONEOS_DEPLOYMENT_TARGET = 17.0;
				LOCALIZATION_PREFERS_STRING_CATALOGS = YES;
				MTL_ENABLE_DEBUG_INFO = INCLUDE_SOURCE;
				MTL_FAST_MATH = YES;
				ONLY_ACTIVE_ARCH = YES;
				SDKROOT = iphoneos;
				SWIFT_ACTIVE_COMPILATION_CONDITIONS = "DEBUG $(inherited)";
				SWIFT_OPTIMIZATION_LEVEL = "-Onone";
			};
			name = Debug;
		};
		E8F259E52B0B4E0F00485FEA /* Release */ = {
			isa = XCBuildConfiguration;
			buildSettings = {
				ALWAYS_SEARCH_USER_PATHS = NO;
				ASSETCATALOG_COMPILER_GENERATE_SWIFT_ASSET_SYMBOL_EXTENSIONS = YES;
				CLANG_ANALYZER_NONNULL = YES;
				CLANG_ANALYZER_NUMBER_OBJECT_CONVERSION = YES_AGGRESSIVE;
				CLANG_CXX_LANGUAGE_STANDARD = "gnu++20";
				CLANG_ENABLE_MODULES = YES;
				CLANG_ENABLE_OBJC_ARC = YES;
				CLANG_ENABLE_OBJC_WEAK = YES;
				CLANG_WARN_BLOCK_CAPTURE_AUTORELEASING = YES;
				CLANG_WARN_BOOL_CONVERSION = YES;
				CLANG_WARN_COMMA = YES;
				CLANG_WARN_CONSTANT_CONVERSION = YES;
				CLANG_WARN_DEPRECATED_OBJC_IMPLEMENTATIONS = YES;
				CLANG_WARN_DIRECT_OBJC_ISA_USAGE = YES_ERROR;
				CLANG_WARN_DOCUMENTATION_COMMENTS = YES;
				CLANG_WARN_EMPTY_BODY = YES;
				CLANG_WARN_ENUM_CONVERSION = YES;
				CLANG_WARN_INFINITE_RECURSION = YES;
				CLANG_WARN_INT_CONVERSION = YES;
				CLANG_WARN_NON_LITERAL_NULL_CONVERSION = YES;
				CLANG_WARN_OBJC_IMPLICIT_RETAIN_SELF = YES;
				CLANG_WARN_OBJC_LITERAL_CONVERSION = YES;
				CLANG_WARN_OBJC_ROOT_CLASS = YES_ERROR;
				CLANG_WARN_QUOTED_INCLUDE_IN_FRAMEWORK_HEADER = YES;
				CLANG_WARN_RANGE_LOOP_ANALYSIS = YES;
				CLANG_WARN_STRICT_PROTOTYPES = YES;
				CLANG_WARN_SUSPICIOUS_MOVE = YES;
				CLANG_WARN_UNGUARDED_AVAILABILITY = YES_AGGRESSIVE;
				CLANG_WARN_UNREACHABLE_CODE = YES;
				CLANG_WARN__DUPLICATE_METHOD_MATCH = YES;
				COPY_PHASE_STRIP = NO;
				DEBUG_INFORMATION_FORMAT = "dwarf-with-dsym";
				ENABLE_NS_ASSERTIONS = NO;
				ENABLE_STRICT_OBJC_MSGSEND = YES;
				ENABLE_USER_SCRIPT_SANDBOXING = YES;
				GCC_C_LANGUAGE_STANDARD = gnu17;
				GCC_NO_COMMON_BLOCKS = YES;
				GCC_WARN_64_TO_32_BIT_CONVERSION = YES;
				GCC_WARN_ABOUT_RETURN_TYPE = YES_ERROR;
				GCC_WARN_UNDECLARED_SELECTOR = YES;
				GCC_WARN_UNINITIALIZED_AUTOS = YES_AGGRESSIVE;
				GCC_WARN_UNUSED_FUNCTION = YES;
				GCC_WARN_UNUSED_VARIABLE = YES;
				IPHONEOS_DEPLOYMENT_TARGET = 17.0;
				LOCALIZATION_PREFERS_STRING_CATALOGS = YES;
				MTL_ENABLE_DEBUG_INFO = NO;
				MTL_FAST_MATH = YES;
				SDKROOT = iphoneos;
				SWIFT_COMPILATION_MODE = wholemodule;
				VALIDATE_PRODUCT = YES;
			};
			name = Release;
		};
		E8F259E72B0B4E0F00485FEA /* Debug */ = {
			isa = XCBuildConfiguration;
			buildSettings = {
				ASSETCATALOG_COMPILER_APPICON_NAME = AppIcon;
				ASSETCATALOG_COMPILER_GLOBAL_ACCENT_COLOR_NAME = AccentColor;
				CODE_SIGN_STYLE = Automatic;
				CURRENT_PROJECT_VERSION = 1;
				DEVELOPMENT_ASSET_PATHS = "\"pia12firebase/Preview Content\"";
				ENABLE_PREVIEWS = YES;
				GENERATE_INFOPLIST_FILE = YES;
				INFOPLIST_KEY_UIApplicationSceneManifest_Generation = YES;
				INFOPLIST_KEY_UIApplicationSupportsIndirectInputEvents = YES;
				INFOPLIST_KEY_UILaunchScreen_Generation = YES;
				INFOPLIST_KEY_UISupportedInterfaceOrientations_iPad = "UIInterfaceOrientationPortrait UIInterfaceOrientationPortraitUpsideDown UIInterfaceOrientationLandscapeLeft UIInterfaceOrientationLandscapeRight";
				INFOPLIST_KEY_UISupportedInterfaceOrientations_iPhone = "UIInterfaceOrientationPortrait UIInterfaceOrientationLandscapeLeft UIInterfaceOrientationLandscapeRight";
				LD_RUNPATH_SEARCH_PATHS = (
					"$(inherited)",
					"@executable_path/Frameworks",
				);
				MARKETING_VERSION = 1.0;
				PRODUCT_BUNDLE_IDENTIFIER = se.magictechnology.pia12firebase;
				PRODUCT_NAME = "$(TARGET_NAME)";
				SWIFT_EMIT_LOC_STRINGS = YES;
				SWIFT_VERSION = 5.0;
				TARGETED_DEVICE_FAMILY = "1,2";
			};
			name = Debug;
		};
		E8F259E82B0B4E0F00485FEA /* Release */ = {
			isa = XCBuildConfiguration;
			buildSettings = {
				ASSETCATALOG_COMPILER_APPICON_NAME = AppIcon;
				ASSETCATALOG_COMPILER_GLOBAL_ACCENT_COLOR_NAME = AccentColor;
				CODE_SIGN_STYLE = Automatic;
				CURRENT_PROJECT_VERSION = 1;
				DEVELOPMENT_ASSET_PATHS = "\"pia12firebase/Preview Content\"";
				ENABLE_PREVIEWS = YES;
				GENERATE_INFOPLIST_FILE = YES;
				INFOPLIST_KEY_UIApplicationSceneManifest_Generation = YES;
				INFOPLIST_KEY_UIApplicationSupportsIndirectInputEvents = YES;
				INFOPLIST_KEY_UILaunchScreen_Generation = YES;
				INFOPLIST_KEY_UISupportedInterfaceOrientations_iPad = "UIInterfaceOrientationPortrait UIInterfaceOrientationPortraitUpsideDown UIInterfaceOrientationLandscapeLeft UIInterfaceOrientationLandscapeRight";
				INFOPLIST_KEY_UISupportedInterfaceOrientations_iPhone = "UIInterfaceOrientationPortrait UIInterfaceOrientationLandscapeLeft UIInterfaceOrientationLandscapeRight";
				LD_RUNPATH_SEARCH_PATHS = (
					"$(inherited)",
					"@executable_path/Frameworks",
				);
				MARKETING_VERSION = 1.0;
				PRODUCT_BUNDLE_IDENTIFIER = se.magictechnology.pia12firebase;
				PRODUCT_NAME = "$(TARGET_NAME)";
				SWIFT_EMIT_LOC_STRINGS = YES;
				SWIFT_VERSION = 5.0;
				TARGETED_DEVICE_FAMILY = "1,2";
			};
			name = Release;
		};
/* End XCBuildConfiguration section */

/* Begin XCConfigurationList section */
		E8F259D32B0B4E0C00485FEA /* Build configuration list for PBXProject "pia12firebase" */ = {
			isa = XCConfigurationList;
			buildConfigurations = (
				E8F259E42B0B4E0F00485FEA /* Debug */,
				E8F259E52B0B4E0F00485FEA /* Release */,
			);
			defaultConfigurationIsVisible = 0;
			defaultConfigurationName = Release;
		};
		E8F259E62B0B4E0F00485FEA /* Build configuration list for PBXNativeTarget "pia12firebase" */ = {
			isa = XCConfigurationList;
			buildConfigurations = (
				E8F259E72B0B4E0F00485FEA /* Debug */,
				E8F259E82B0B4E0F00485FEA /* Release */,
			);
			defaultConfigurationIsVisible = 0;
			defaultConfigurationName = Release;
		};
/* End XCConfigurationList section */

/* Begin XCRemoteSwiftPackageReference section */
		E8F259EB2B0B531000485FEA /* XCRemoteSwiftPackageReference "firebase-ios-sdk" */ = {
			isa = XCRemoteSwiftPackageReference;
			repositoryURL = "https://github.com/firebase/firebase-ios-sdk";
			requirement = {
				kind = upToNextMajorVersion;
				minimumVersion = 10.18.0;
			};
		};
/* End XCRemoteSwiftPackageReference section */

/* Begin XCSwiftPackageProductDependency section */
		E8F259EC2B0B531000485FEA /* FirebaseAnalytics */ = {
			isa = XCSwiftPackageProductDependency;
			package = E8F259EB2B0B531000485FEA /* XCRemoteSwiftPackageReference "firebase-ios-sdk" */;
			productName = FirebaseAnalytics;
		};
		E8F259EE2B0B531000485FEA /* FirebaseAnalyticsOnDeviceConversion */ = {
			isa = XCSwiftPackageProductDependency;
			package = E8F259EB2B0B531000485FEA /* XCRemoteSwiftPackageReference "firebase-ios-sdk" */;
			productName = FirebaseAnalyticsOnDeviceConversion;
		};
		E8F259F02B0B531000485FEA /* FirebaseAnalyticsSwift */ = {
			isa = XCSwiftPackageProductDependency;
			package = E8F259EB2B0B531000485FEA /* XCRemoteSwiftPackageReference "firebase-ios-sdk" */;
			productName = FirebaseAnalyticsSwift;
		};
		E8F259F22B0B531000485FEA /* FirebaseAnalyticsWithoutAdIdSupport */ = {
			isa = XCSwiftPackageProductDependency;
			package = E8F259EB2B0B531000485FEA /* XCRemoteSwiftPackageReference "firebase-ios-sdk" */;
			productName = FirebaseAnalyticsWithoutAdIdSupport;
		};
		E8F259F42B0B531000485FEA /* FirebaseAppCheck */ = {
			isa = XCSwiftPackageProductDependency;
			package = E8F259EB2B0B531000485FEA /* XCRemoteSwiftPackageReference "firebase-ios-sdk" */;
			productName = FirebaseAppCheck;
		};
		E8F259F62B0B531000485FEA /* FirebaseAppDistribution-Beta */ = {
			isa = XCSwiftPackageProductDependency;
			package = E8F259EB2B0B531000485FEA /* XCRemoteSwiftPackageReference "firebase-ios-sdk" */;
			productName = "FirebaseAppDistribution-Beta";
		};
		E8F259F82B0B531000485FEA /* FirebaseAuth */ = {
			isa = XCSwiftPackageProductDependency;
			package = E8F259EB2B0B531000485FEA /* XCRemoteSwiftPackageReference "firebase-ios-sdk" */;
			productName = FirebaseAuth;
		};
		E8F259FA2B0B531000485FEA /* FirebaseAuthCombine-Community */ = {
			isa = XCSwiftPackageProductDependency;
			package = E8F259EB2B0B531000485FEA /* XCRemoteSwiftPackageReference "firebase-ios-sdk" */;
			productName = "FirebaseAuthCombine-Community";
		};
		E8F259FC2B0B531000485FEA /* FirebaseCrashlytics */ = {
			isa = XCSwiftPackageProductDependency;
			package = E8F259EB2B0B531000485FEA /* XCRemoteSwiftPackageReference "firebase-ios-sdk" */;
			productName = FirebaseCrashlytics;
		};
		E8F259FE2B0B531000485FEA /* FirebaseDatabase */ = {
			isa = XCSwiftPackageProductDependency;
			package = E8F259EB2B0B531000485FEA /* XCRemoteSwiftPackageReference "firebase-ios-sdk" */;
			productName = FirebaseDatabase;
		};
		E8F25A002B0B531000485FEA /* FirebaseDatabaseSwift */ = {
			isa = XCSwiftPackageProductDependency;
			package = E8F259EB2B0B531000485FEA /* XCRemoteSwiftPackageReference "firebase-ios-sdk" */;
			productName = FirebaseDatabaseSwift;
		};
		E8F25A022B0B531000485FEA /* FirebaseDynamicLinks */ = {
			isa = XCSwiftPackageProductDependency;
			package = E8F259EB2B0B531000485FEA /* XCRemoteSwiftPackageReference "firebase-ios-sdk" */;
			productName = FirebaseDynamicLinks;
		};
		E8F25A042B0B531000485FEA /* FirebaseFirestore */ = {
			isa = XCSwiftPackageProductDependency;
			package = E8F259EB2B0B531000485FEA /* XCRemoteSwiftPackageReference "firebase-ios-sdk" */;
			productName = FirebaseFirestore;
		};
		E8F25A062B0B531000485FEA /* FirebaseFirestoreCombine-Community */ = {
			isa = XCSwiftPackageProductDependency;
			package = E8F259EB2B0B531000485FEA /* XCRemoteSwiftPackageReference "firebase-ios-sdk" */;
			productName = "FirebaseFirestoreCombine-Community";
		};
		E8F25A082B0B531000485FEA /* FirebaseFirestoreSwift */ = {
			isa = XCSwiftPackageProductDependency;
			package = E8F259EB2B0B531000485FEA /* XCRemoteSwiftPackageReference "firebase-ios-sdk" */;
			productName = FirebaseFirestoreSwift;
		};
		E8F25A0A2B0B531000485FEA /* FirebaseFunctions */ = {
			isa = XCSwiftPackageProductDependency;
			package = E8F259EB2B0B531000485FEA /* XCRemoteSwiftPackageReference "firebase-ios-sdk" */;
			productName = FirebaseFunctions;
		};
		E8F25A0C2B0B531000485FEA /* FirebaseFunctionsCombine-Community */ = {
			isa = XCSwiftPackageProductDependency;
			package = E8F259EB2B0B531000485FEA /* XCRemoteSwiftPackageReference "firebase-ios-sdk" */;
			productName = "FirebaseFunctionsCombine-Community";
		};
		E8F25A0E2B0B531000485FEA /* FirebaseInAppMessaging-Beta */ = {
			isa = XCSwiftPackageProductDependency;
			package = E8F259EB2B0B531000485FEA /* XCRemoteSwiftPackageReference "firebase-ios-sdk" */;
			productName = "FirebaseInAppMessaging-Beta";
		};
		E8F25A102B0B531000485FEA /* FirebaseInAppMessagingSwift-Beta */ = {
			isa = XCSwiftPackageProductDependency;
			package = E8F259EB2B0B531000485FEA /* XCRemoteSwiftPackageReference "firebase-ios-sdk" */;
			productName = "FirebaseInAppMessagingSwift-Beta";
		};
		E8F25A122B0B531000485FEA /* FirebaseInstallations */ = {
			isa = XCSwiftPackageProductDependency;
			package = E8F259EB2B0B531000485FEA /* XCRemoteSwiftPackageReference "firebase-ios-sdk" */;
			productName = FirebaseInstallations;
		};
		E8F25A142B0B531000485FEA /* FirebaseMLModelDownloader */ = {
			isa = XCSwiftPackageProductDependency;
			package = E8F259EB2B0B531000485FEA /* XCRemoteSwiftPackageReference "firebase-ios-sdk" */;
			productName = FirebaseMLModelDownloader;
		};
		E8F25A162B0B531000485FEA /* FirebaseMessaging */ = {
			isa = XCSwiftPackageProductDependency;
			package = E8F259EB2B0B531000485FEA /* XCRemoteSwiftPackageReference "firebase-ios-sdk" */;
			productName = FirebaseMessaging;
		};
		E8F25A182B0B531000485FEA /* FirebasePerformance */ = {
			isa = XCSwiftPackageProductDependency;
			package = E8F259EB2B0B531000485FEA /* XCRemoteSwiftPackageReference "firebase-ios-sdk" */;
			productName = FirebasePerformance;
		};
		E8F25A1A2B0B531000485FEA /* FirebaseRemoteConfig */ = {
			isa = XCSwiftPackageProductDependency;
			package = E8F259EB2B0B531000485FEA /* XCRemoteSwiftPackageReference "firebase-ios-sdk" */;
			productName = FirebaseRemoteConfig;
		};
		E8F25A1C2B0B531000485FEA /* FirebaseRemoteConfigSwift */ = {
			isa = XCSwiftPackageProductDependency;
			package = E8F259EB2B0B531000485FEA /* XCRemoteSwiftPackageReference "firebase-ios-sdk" */;
			productName = FirebaseRemoteConfigSwift;
		};
		E8F25A1E2B0B531000485FEA /* FirebaseStorage */ = {
			isa = XCSwiftPackageProductDependency;
			package = E8F259EB2B0B531000485FEA /* XCRemoteSwiftPackageReference "firebase-ios-sdk" */;
			productName = FirebaseStorage;
		};
		E8F25A202B0B531000485FEA /* FirebaseStorageCombine-Community */ = {
			isa = XCSwiftPackageProductDependency;
			package = E8F259EB2B0B531000485FEA /* XCRemoteSwiftPackageReference "firebase-ios-sdk" */;
			productName = "FirebaseStorageCombine-Community";
		};
/* End XCSwiftPackageProductDependency section */
	};
	rootObject = E8F259D02B0B4E0C00485FEA /* Project object */;
}
